<?xml version="1.0" encoding="utf-8"?>
<Project ToolsVersion="4.0" xmlns="http://schemas.microsoft.com/developer/msbuild/2003">
  <ItemGroup>
    <Filter Include="Source Files">
      <UniqueIdentifier>{4FC737F1-C7A5-4376-A066-2A32D752A2FF}</UniqueIdentifier>
      <Extensions>cpp;c;cc;cxx;c++;cppm;ixx;def;odl;idl;hpj;bat;asm;asmx</Extensions>
    </Filter>
    <Filter Include="Header Files">
      <UniqueIdentifier>{93995380-89BD-4b04-88EB-625FBE52EBFB}</UniqueIdentifier>
      <Extensions>h;hh;hpp;hxx;h++;hm;inl;inc;ipp;xsd</Extensions>
    </Filter>
    <Filter Include="Resource Files">
      <UniqueIdentifier>{67DA6AB6-F800-4c08-8B7A-83BB121AAD01}</UniqueIdentifier>
      <Extensions>rc;ico;cur;bmp;dlg;rc2;rct;bin;rgs;gif;jpg;jpeg;jpe;resx;tiff;tif;png;wav;mfcribbon-ms</Extensions>
    </Filter>
  </ItemGroup>
  <ItemGroup>
    <ClCompile Include="src\main.cpp">
      <Filter>Source Files</Filter>
    </ClCompile>
    <ClCompile Include="src\GameServer.cpp">
      <Filter>Source Files</Filter>
    </ClCompile>
    <ClCompile Include="src\Network.cpp">
      <Filter>Source Files</Filter>
    </ClCompile>
    <ClCompile Include="src\GameState.cpp">
      <Filter>Source Files</Filter>
    </ClCompile>
    <ClCompile Include="src\WaitingRoom.cpp">
      <Filter>Source Files</Filter>
    </ClCompile>
    <ClCompile Include="src\novalis\Button.cpp">
      <Filter>Source Files</Filter>
    </ClCompile>
    <ClCompile Include="src\novalis\DataUtil.cpp">
      <Filter>Source Files</Filter>
    </ClCompile>
    <ClCompile Include="src\novalis\EditorUtil.cpp">
      <Filter>Source Files</Filter>
    </ClCompile>
    <ClCompile Include="src\novalis\HomeEditor.cpp">
      <Filter>Source Files</Filter>
    </ClCompile>
    <ClCompile Include="src\novalis\ObjectEditor.cpp">
      <Filter>Source Files</Filter>
    </ClCompile>
    <ClCompile Include="src\novalis\Rect.cpp">
      <Filter>Source Files</Filter>
    </ClCompile>
    <ClCompile Include="src\novalis\Renderer.cpp">
      <Filter>Source Files</Filter>
    </ClCompile>
    <ClCompile Include="src\novalis\Scene.cpp">
      <Filter>Source Files</Filter>
    </ClCompile>
    <ClCompile Include="src\novalis\Sound.cpp">
      <Filter>Source Files</Filter>
    </ClCompile>
    <ClCompile Include="src\novalis\imgui\imgui.cpp">
      <Filter>Source Files</Filter>
    </ClCompile>
    <ClCompile Include="src\novalis\imgui\imgui_demo.cpp">
      <Filter>Source Files</Filter>
    </ClCompile>
    <ClCompile Include="src\novalis\imgui\imgui_draw.cpp">
      <Filter>Source Files</Filter>
    </ClCompile>
    <ClCompile Include="src\novalis\imgui\imgui_impl_sdl2.cpp">
      <Filter>Source Files</Filter>
    </ClCompile>
    <ClCompile Include="src\novalis\imgui\imgui_impl_sdlrenderer2.cpp">
      <Filter>Source Files</Filter>
    </ClCompile>
    <ClCompile Include="src\novalis\imgui\imgui_tables.cpp">
      <Filter>Source Files</Filter>
    </ClCompile>
    <ClCompile Include="src\novalis\imgui\imgui_widgets.cpp">
      <Filter>Source Files</Filter>
    </ClCompile>
    <ClCompile Include="src\novalis\Instance.cpp">
      <Filter>Source Files</Filter>
    </ClCompile>
    <ClCompile Include="src\novalis\RenderTypes.cpp">
      <Filter>Source Files</Filter>
    </ClCompile>
    <ClCompile Include="src\novalis\TextEditor.cpp">
      <Filter>Source Files</Filter>
    </ClCompile>
    <ClCompile Include="src\novalis\Event.cpp">
      <Filter>Source Files</Filter>
    </ClCompile>
    <ClCompile Include="src\Client.cpp">
      <Filter>Source Files</Filter>
    </ClCompile>
    <ClCompile Include="src\CardRender.cpp">
      <Filter>Source Files</Filter>
    </ClCompile>
    <ClCompile Include="src\ClientSide.cpp">
      <Filter>Source Files</Filter>
    </ClCompile>
  </ItemGroup>
  <ItemGroup>
    <ClInclude Include="src\GameServer.h">
      <Filter>Header Files</Filter>
    </ClInclude>
    <ClInclude Include="src\Network.h">
      <Filter>Header Files</Filter>
    </ClInclude>
    <ClInclude Include="src\GameState.h">
      <Filter>Header Files</Filter>
    </ClInclude>
    <ClInclude Include="src\WaitingRoom.h">
      <Filter>Header Files</Filter>
    </ClInclude>
    <ClInclude Include="src\novalis\Button.h">
      <Filter>Header Files</Filter>
    </ClInclude>
    <ClInclude Include="src\novalis\DataUtil.h">
      <Filter>Header Files</Filter>
    </ClInclude>
    <ClInclude Include="src\novalis\EditorUtil.h">
      <Filter>Header Files</Filter>
    </ClInclude>
    <ClInclude Include="src\novalis\GlobalMacros.h">
      <Filter>Header Files</Filter>
    </ClInclude>
    <ClInclude Include="src\novalis\HomeEditor.h">
      <Filter>Header Files</Filter>
    </ClInclude>
    <ClInclude Include="src\novalis\Init.h">
      <Filter>Header Files</Filter>
    </ClInclude>
    <ClInclude Include="src\novalis\ObjectEditor.h">
      <Filter>Header Files</Filter>
    </ClInclude>
    <ClInclude Include="src\novalis\Rect.h">
      <Filter>Header Files</Filter>
    </ClInclude>
    <ClInclude Include="src\novalis\Renderer.h">
      <Filter>Header Files</Filter>
    </ClInclude>
    <ClInclude Include="src\novalis\RenderObj.h">
      <Filter>Header Files</Filter>
    </ClInclude>
    <ClInclude Include="src\novalis\Scene.h">
      <Filter>Header Files</Filter>
    </ClInclude>
    <ClInclude Include="src\novalis\Sound.h">
      <Filter>Header Files</Filter>
    </ClInclude>
    <ClInclude Include="src\novalis\imgui\imconfig.h">
      <Filter>Header Files</Filter>
    </ClInclude>
    <ClInclude Include="src\novalis\imgui\imgui.h">
      <Filter>Header Files</Filter>
    </ClInclude>
    <ClInclude Include="src\novalis\imgui\imgui_impl_sdl2.h">
      <Filter>Header Files</Filter>
    </ClInclude>
    <ClInclude Include="src\novalis\imgui\imgui_impl_sdlrenderer2.h">
      <Filter>Header Files</Filter>
    </ClInclude>
    <ClInclude Include="src\novalis\imgui\imgui_internal.h">
      <Filter>Header Files</Filter>
    </ClInclude>
    <ClInclude Include="src\novalis\imgui\imstb_rectpack.h">
      <Filter>Header Files</Filter>
    </ClInclude>
    <ClInclude Include="src\novalis\imgui\imstb_textedit.h">
      <Filter>Header Files</Filter>
    </ClInclude>
    <ClInclude Include="src\novalis\imgui\imstb_truetype.h">
      <Filter>Header Files</Filter>
    </ClInclude>
    <ClInclude Include="src\novalis\Instance.h">
      <Filter>Header Files</Filter>
    </ClInclude>
    <ClInclude Include="src\novalis\RenderTypes.h">
      <Filter>Header Files</Filter>
    </ClInclude>
    <ClInclude Include="src\novalis\TextEditor.h">
      <Filter>Header Files</Filter>
    </ClInclude>
    <ClInclude Include="src\novalis\Event.h">
      <Filter>Header Files</Filter>
    </ClInclude>
    <ClInclude Include="src\Client.h">
      <Filter>Header Files</Filter>
    </ClInclude>
    <ClInclude Include="src\CardRender.h">
      <Filter>Header Files</Filter>
    </ClInclude>
    <ClInclude Include="src\Alien.h">
      <Filter>Header Files</Filter>
    </ClInclude>
    <ClInclude Include="src\ClientSide.h">
      <Filter>Header Files</Filter>
    </ClInclude>
  </ItemGroup>
  <ItemGroup>
    <Text Include="scenes\homescreen.txt" />
    <Text Include="objects\start_button.nv_txt" />
    <Text Include="objects\connecting_text.nv_txt" />
    <Text Include="objects\failed_to_connect.nv_txt" />
    <Text Include="objects\cards\0_attack.txt" />
    <Text Include="objects\cards\1_attack.txt" />
    <Text Include="objects\cards\4_attack.txt" />
    <Text Include="objects\cards\5_attack.txt" />
    <Text Include="objects\cards\6_attack.txt" />
    <Text Include="objects\cards\7_attack.txt" />
    <Text Include="objects\cards\8_attack.txt" />
    <Text Include="objects\cards\9_attack.txt" />
    <Text Include="objects\cards\10_attack.txt" />
    <Text Include="objects\cards\11_attack.txt" />
    <Text Include="objects\cards\14_attack.txt" />
    <Text Include="objects\cards\15_attack.txt" />
    <Text Include="objects\cards\19_attack.txt" />
    <Text Include="objects\cards\20_attack.txt" />
    <Text Include="objects\cards\23_attack.txt" />
    <Text Include="objects\cards\30_attack.txt" />
    <Text Include="objects\cards\40_attack.txt" />
    <Text Include="objects\cards\negotiate.txt" />
    <Text Include="scenes\card_selection.txt" />
  </ItemGroup>
  <ItemGroup>
    <Image Include="images\cosmic_cover.png">
      <Filter>Resource Files</Filter>
    </Image>
    <Image Include="images\cone_of_destiny.png">
      <Filter>Resource Files</Filter>
    </Image>
    <Image Include="images\pacifist.png">
      <Filter>Resource Files</Filter>
    </Image>
    <Image Include="images\space.jpg">
      <Filter>Resource Files</Filter>
    </Image>
    <Image Include="images\space_2.jpg">
      <Filter>Resource Files</Filter>
    </Image>
    <Image Include="images\virus.png">
      <Filter>Resource Files</Filter>
    </Image>
  </ItemGroup>
  <ItemGroup>
    <Media Include="sounds\mars.wav">
      <Filter>Resource Files</Filter>
    </Media>
  </ItemGroup>
  <ItemGroup>
    <None Include="SDL2.dll" />
    <None Include="SDL2_image.dll" />
    <None Include="SDL2_mixer.dll" />
    <None Include="SDL2_ttf.dll" />
    <None Include="objects\waiting_for_players.nv_txt" />
    <None Include="objects\cards\0_attack.nv_txt" />
    <None Include="objects\cards\1_attack.nv_txt" />
    <None Include="objects\cards\4_attack.nv_txt" />
    <None Include="objects\cards\5_attack.nv_txt" />
    <None Include="objects\cards\6_attack.nv_txt" />
    <None Include="objects\cards\7_attack.nv_txt" />
    <None Include="objects\cards\8_attack.nv_txt" />
    <None Include="objects\cards\9_attack.nv_txt" />
    <None Include="objects\cards\10_attack.nv_txt" />
    <None Include="objects\cards\11_attack.nv_txt" />
    <None Include="objects\cards\14_attack.nv_txt" />
    <None Include="objects\cards\15_attack.nv_txt" />
    <None Include="objects\cards\19_attack.nv_txt" />
    <None Include="objects\cards\20_attack.nv_txt" />
    <None Include="objects\cards\23_attack.nv_txt" />
    <None Include="objects\cards\30_attack.nv_txt" />
    <None Include="objects\cards\40_attack.nv_txt" />
    <None Include="objects\cards\negotiate.nv_txt" />
    <None Include="objects\cards\12_attack.nv_txt" />
  </ItemGroup>
</Project>